// !$*UTF8*$!
{
	archiveVersion = 1;
	classes = {
	};
	objectVersion = 56;
	objects = {

/* Begin PBXBuildFile section */
		FA71A42B2A438B600052E46A /* AddCityCoordinator.swift in Sources */ = {isa = PBXBuildFile; fileRef = FA71A42A2A438B600052E46A /* AddCityCoordinator.swift */; };
		FA71A42E2A4396720052E46A /* CityTableViewCell.swift in Sources */ = {isa = PBXBuildFile; fileRef = FA71A42C2A4396720052E46A /* CityTableViewCell.swift */; };
		FA71A42F2A4396720052E46A /* CityTableViewCell.xib in Resources */ = {isa = PBXBuildFile; fileRef = FA71A42D2A4396720052E46A /* CityTableViewCell.xib */; };
		FA71A4322A4462360052E46A /* DoubleExtension.swift in Sources */ = {isa = PBXBuildFile; fileRef = FA71A4312A4462360052E46A /* DoubleExtension.swift */; };
		FA71A4342A448C020052E46A /* CityDetailsCoordinator.swift in Sources */ = {isa = PBXBuildFile; fileRef = FA71A4332A448C020052E46A /* CityDetailsCoordinator.swift */; };
		FA7C7CC02A44F348007F3014 /* CityInformationViewModel.swift in Sources */ = {isa = PBXBuildFile; fileRef = FA7C7CBF2A44F348007F3014 /* CityInformationViewModel.swift */; };
		FA7C7CC32A459CF8007F3014 /* CityDetailCollectionViewCell.swift in Sources */ = {isa = PBXBuildFile; fileRef = FA7C7CC12A459CF8007F3014 /* CityDetailCollectionViewCell.swift */; };
		FA7C7CC42A459CF8007F3014 /* CityDetailCollectionViewCell.xib in Resources */ = {isa = PBXBuildFile; fileRef = FA7C7CC22A459CF8007F3014 /* CityDetailCollectionViewCell.xib */; };
		FAE8C3AF2A4308A10081C9E3 /* AppDelegate.swift in Sources */ = {isa = PBXBuildFile; fileRef = FAE8C3AE2A4308A10081C9E3 /* AppDelegate.swift */; };
		FAE8C3B12A4308A10081C9E3 /* SceneDelegate.swift in Sources */ = {isa = PBXBuildFile; fileRef = FAE8C3B02A4308A10081C9E3 /* SceneDelegate.swift */; };
		FAE8C3B32A4308A10081C9E3 /* ViewController.swift in Sources */ = {isa = PBXBuildFile; fileRef = FAE8C3B22A4308A10081C9E3 /* ViewController.swift */; };
		FAE8C3B62A4308A10081C9E3 /* Main.storyboard in Resources */ = {isa = PBXBuildFile; fileRef = FAE8C3B42A4308A10081C9E3 /* Main.storyboard */; };
		FAE8C3B82A4308A30081C9E3 /* Assets.xcassets in Resources */ = {isa = PBXBuildFile; fileRef = FAE8C3B72A4308A30081C9E3 /* Assets.xcassets */; };
		FAE8C3BB2A4308A30081C9E3 /* LaunchScreen.storyboard in Resources */ = {isa = PBXBuildFile; fileRef = FAE8C3B92A4308A30081C9E3 /* LaunchScreen.storyboard */; };
		FAE8C3C42A4309570081C9E3 /* Weather_Kit.framework in Frameworks */ = {isa = PBXBuildFile; fileRef = FAE8C3C32A4309570081C9E3 /* Weather_Kit.framework */; };
		FAE8C3D22A4347650081C9E3 /* ViewModel.swift in Sources */ = {isa = PBXBuildFile; fileRef = FAE8C3D12A4347650081C9E3 /* ViewModel.swift */; };
		FAE8C3D82A435E5E0081C9E3 /* CityDetailsViewController.swift in Sources */ = {isa = PBXBuildFile; fileRef = FAE8C3D72A435E5E0081C9E3 /* CityDetailsViewController.swift */; };
		FAE8C3DA2A435E760081C9E3 /* CityDetailsViewModel.swift in Sources */ = {isa = PBXBuildFile; fileRef = FAE8C3D92A435E760081C9E3 /* CityDetailsViewModel.swift */; };
		FAE8C3DC2A435E970081C9E3 /* AddCityViewController.swift in Sources */ = {isa = PBXBuildFile; fileRef = FAE8C3DB2A435E970081C9E3 /* AddCityViewController.swift */; };
		FAE8C3DE2A435EB50081C9E3 /* AddCityViewModel.swift in Sources */ = {isa = PBXBuildFile; fileRef = FAE8C3DD2A435EB50081C9E3 /* AddCityViewModel.swift */; };
		FAE8C3E02A4361FB0081C9E3 /* MainCoordinator.swift in Sources */ = {isa = PBXBuildFile; fileRef = FAE8C3DF2A4361FB0081C9E3 /* MainCoordinator.swift */; };
		FAE8C3E32A4364420081C9E3 /* AppCoordinator.swift in Sources */ = {isa = PBXBuildFile; fileRef = FAE8C3E22A4364420081C9E3 /* AppCoordinator.swift */; };
		FAE8C3E52A4364730081C9E3 /* Coordinator.swift in Sources */ = {isa = PBXBuildFile; fileRef = FAE8C3E42A4364730081C9E3 /* Coordinator.swift */; };
/* End PBXBuildFile section */

/* Begin PBXFileReference section */
		FA71A42A2A438B600052E46A /* AddCityCoordinator.swift */ = {isa = PBXFileReference; lastKnownFileType = sourcecode.swift; path = AddCityCoordinator.swift; sourceTree = "<group>"; };
		FA71A42C2A4396720052E46A /* CityTableViewCell.swift */ = {isa = PBXFileReference; lastKnownFileType = sourcecode.swift; path = CityTableViewCell.swift; sourceTree = "<group>"; };
		FA71A42D2A4396720052E46A /* CityTableViewCell.xib */ = {isa = PBXFileReference; lastKnownFileType = file.xib; path = CityTableViewCell.xib; sourceTree = "<group>"; };
		FA71A4312A4462360052E46A /* DoubleExtension.swift */ = {isa = PBXFileReference; lastKnownFileType = sourcecode.swift; path = DoubleExtension.swift; sourceTree = "<group>"; };
		FA71A4332A448C020052E46A /* CityDetailsCoordinator.swift */ = {isa = PBXFileReference; lastKnownFileType = sourcecode.swift; path = CityDetailsCoordinator.swift; sourceTree = "<group>"; };
		FA7C7CBF2A44F348007F3014 /* CityInformationViewModel.swift */ = {isa = PBXFileReference; lastKnownFileType = sourcecode.swift; path = CityInformationViewModel.swift; sourceTree = "<group>"; };
		FA7C7CC12A459CF8007F3014 /* CityDetailCollectionViewCell.swift */ = {isa = PBXFileReference; lastKnownFileType = sourcecode.swift; path = CityDetailCollectionViewCell.swift; sourceTree = "<group>"; };
		FA7C7CC22A459CF8007F3014 /* CityDetailCollectionViewCell.xib */ = {isa = PBXFileReference; lastKnownFileType = file.xib; path = CityDetailCollectionViewCell.xib; sourceTree = "<group>"; };
		FAE8C3AB2A4308A10081C9E3 /* Weather-iOS.app */ = {isa = PBXFileReference; explicitFileType = wrapper.application; includeInIndex = 0; path = "Weather-iOS.app"; sourceTree = BUILT_PRODUCTS_DIR; };
		FAE8C3AE2A4308A10081C9E3 /* AppDelegate.swift */ = {isa = PBXFileReference; lastKnownFileType = sourcecode.swift; path = AppDelegate.swift; sourceTree = "<group>"; };
		FAE8C3B02A4308A10081C9E3 /* SceneDelegate.swift */ = {isa = PBXFileReference; lastKnownFileType = sourcecode.swift; path = SceneDelegate.swift; sourceTree = "<group>"; };
		FAE8C3B22A4308A10081C9E3 /* ViewController.swift */ = {isa = PBXFileReference; lastKnownFileType = sourcecode.swift; path = ViewController.swift; sourceTree = "<group>"; };
		FAE8C3B52A4308A10081C9E3 /* Base */ = {isa = PBXFileReference; lastKnownFileType = file.storyboard; name = Base; path = Base.lproj/Main.storyboard; sourceTree = "<group>"; };
		FAE8C3B72A4308A30081C9E3 /* Assets.xcassets */ = {isa = PBXFileReference; lastKnownFileType = folder.assetcatalog; path = Assets.xcassets; sourceTree = "<group>"; };
		FAE8C3BA2A4308A30081C9E3 /* Base */ = {isa = PBXFileReference; lastKnownFileType = file.storyboard; name = Base; path = Base.lproj/LaunchScreen.storyboard; sourceTree = "<group>"; };
		FAE8C3BC2A4308A30081C9E3 /* Info.plist */ = {isa = PBXFileReference; lastKnownFileType = text.plist.xml; path = Info.plist; sourceTree = "<group>"; };
		FAE8C3C32A4309570081C9E3 /* Weather_Kit.framework */ = {isa = PBXFileReference; explicitFileType = wrapper.framework; path = Weather_Kit.framework; sourceTree = BUILT_PRODUCTS_DIR; };
		FAE8C3D12A4347650081C9E3 /* ViewModel.swift */ = {isa = PBXFileReference; lastKnownFileType = sourcecode.swift; path = ViewModel.swift; sourceTree = "<group>"; };
		FAE8C3D72A435E5E0081C9E3 /* CityDetailsViewController.swift */ = {isa = PBXFileReference; lastKnownFileType = sourcecode.swift; path = CityDetailsViewController.swift; sourceTree = "<group>"; };
		FAE8C3D92A435E760081C9E3 /* CityDetailsViewModel.swift */ = {isa = PBXFileReference; lastKnownFileType = sourcecode.swift; path = CityDetailsViewModel.swift; sourceTree = "<group>"; };
		FAE8C3DB2A435E970081C9E3 /* AddCityViewController.swift */ = {isa = PBXFileReference; lastKnownFileType = sourcecode.swift; path = AddCityViewController.swift; sourceTree = "<group>"; };
		FAE8C3DD2A435EB50081C9E3 /* AddCityViewModel.swift */ = {isa = PBXFileReference; lastKnownFileType = sourcecode.swift; path = AddCityViewModel.swift; sourceTree = "<group>"; };
		FAE8C3DF2A4361FB0081C9E3 /* MainCoordinator.swift */ = {isa = PBXFileReference; lastKnownFileType = sourcecode.swift; path = MainCoordinator.swift; sourceTree = "<group>"; };
		FAE8C3E22A4364420081C9E3 /* AppCoordinator.swift */ = {isa = PBXFileReference; lastKnownFileType = sourcecode.swift; path = AppCoordinator.swift; sourceTree = "<group>"; };
		FAE8C3E42A4364730081C9E3 /* Coordinator.swift */ = {isa = PBXFileReference; lastKnownFileType = sourcecode.swift; path = Coordinator.swift; sourceTree = "<group>"; };
/* End PBXFileReference section */

/* Begin PBXFrameworksBuildPhase section */
		FAE8C3A82A4308A10081C9E3 /* Frameworks */ = {
			isa = PBXFrameworksBuildPhase;
			buildActionMask = 2147483647;
			files = (
				FAE8C3C42A4309570081C9E3 /* Weather_Kit.framework in Frameworks */,
			);
			runOnlyForDeploymentPostprocessing = 0;
		};
/* End PBXFrameworksBuildPhase section */

/* Begin PBXGroup section */
		FA71A4302A4462130052E46A /* Extensions */ = {
			isa = PBXGroup;
			children = (
				FA71A4312A4462360052E46A /* DoubleExtension.swift */,
			);
			path = Extensions;
			sourceTree = "<group>";
		};
		FAE8C3A22A4308A10081C9E3 = {
			isa = PBXGroup;
			children = (
				FAE8C3AD2A4308A10081C9E3 /* Weather-iOS */,
				FAE8C3AC2A4308A10081C9E3 /* Products */,
				FAE8C3C22A4309570081C9E3 /* Frameworks */,
			);
			sourceTree = "<group>";
		};
		FAE8C3AC2A4308A10081C9E3 /* Products */ = {
			isa = PBXGroup;
			children = (
				FAE8C3AB2A4308A10081C9E3 /* Weather-iOS.app */,
			);
			name = Products;
			sourceTree = "<group>";
		};
		FAE8C3AD2A4308A10081C9E3 /* Weather-iOS */ = {
			isa = PBXGroup;
			children = (
				FAE8C3AE2A4308A10081C9E3 /* AppDelegate.swift */,
				FAE8C3B02A4308A10081C9E3 /* SceneDelegate.swift */,
				FAE8C3E12A4364250081C9E3 /* App Configuration */,
				FAE8C3D32A435D9F0081C9E3 /* Main */,
				FAE8C3D52A435DD50081C9E3 /* Add city */,
				FAE8C3D42A435DB40081C9E3 /* City details */,
				FA71A4302A4462130052E46A /* Extensions */,
				FAE8C3D62A435E030081C9E3 /* Storyboard */,
				FAE8C3B92A4308A30081C9E3 /* LaunchScreen.storyboard */,
				FAE8C3B72A4308A30081C9E3 /* Assets.xcassets */,
				FAE8C3BC2A4308A30081C9E3 /* Info.plist */,
			);
			path = "Weather-iOS";
			sourceTree = "<group>";
		};
		FAE8C3C22A4309570081C9E3 /* Frameworks */ = {
			isa = PBXGroup;
			children = (
				FAE8C3C32A4309570081C9E3 /* Weather_Kit.framework */,
			);
			name = Frameworks;
			sourceTree = "<group>";
		};
		FAE8C3D32A435D9F0081C9E3 /* Main */ = {
			isa = PBXGroup;
			children = (
				FAE8C3B22A4308A10081C9E3 /* ViewController.swift */,
				FAE8C3D12A4347650081C9E3 /* ViewModel.swift */,
				FAE8C3DF2A4361FB0081C9E3 /* MainCoordinator.swift */,
				FA71A42C2A4396720052E46A /* CityTableViewCell.swift */,
				FA71A42D2A4396720052E46A /* CityTableViewCell.xib */,
				FA7C7CBF2A44F348007F3014 /* CityInformationViewModel.swift */,
			);
			path = Main;
			sourceTree = "<group>";
		};
		FAE8C3D42A435DB40081C9E3 /* City details */ = {
			isa = PBXGroup;
			children = (
				FAE8C3D72A435E5E0081C9E3 /* CityDetailsViewController.swift */,
				FAE8C3D92A435E760081C9E3 /* CityDetailsViewModel.swift */,
				FA71A4332A448C020052E46A /* CityDetailsCoordinator.swift */,
				FA7C7CC12A459CF8007F3014 /* CityDetailCollectionViewCell.swift */,
				FA7C7CC22A459CF8007F3014 /* CityDetailCollectionViewCell.xib */,
			);
			path = "City details";
			sourceTree = "<group>";
		};
		FAE8C3D52A435DD50081C9E3 /* Add city */ = {
			isa = PBXGroup;
			children = (
				FAE8C3DB2A435E970081C9E3 /* AddCityViewController.swift */,
				FAE8C3DD2A435EB50081C9E3 /* AddCityViewModel.swift */,
				FA71A42A2A438B600052E46A /* AddCityCoordinator.swift */,
			);
			path = "Add city";
			sourceTree = "<group>";
		};
		FAE8C3D62A435E030081C9E3 /* Storyboard */ = {
			isa = PBXGroup;
			children = (
				FAE8C3B42A4308A10081C9E3 /* Main.storyboard */,
			);
			path = Storyboard;
			sourceTree = "<group>";
		};
		FAE8C3E12A4364250081C9E3 /* App Configuration */ = {
			isa = PBXGroup;
			children = (
				FAE8C3E22A4364420081C9E3 /* AppCoordinator.swift */,
				FAE8C3E42A4364730081C9E3 /* Coordinator.swift */,
			);
			path = "App Configuration";
			sourceTree = "<group>";
		};
/* End PBXGroup section */

/* Begin PBXNativeTarget section */
		FAE8C3AA2A4308A10081C9E3 /* Weather-iOS */ = {
			isa = PBXNativeTarget;
			buildConfigurationList = FAE8C3BF2A4308A30081C9E3 /* Build configuration list for PBXNativeTarget "Weather-iOS" */;
			buildPhases = (
				FAE8C3A72A4308A10081C9E3 /* Sources */,
				FAE8C3A82A4308A10081C9E3 /* Frameworks */,
				FAE8C3A92A4308A10081C9E3 /* Resources */,
			);
			buildRules = (
			);
			dependencies = (
			);
			name = "Weather-iOS";
			productName = "Weather-iOS";
			productReference = FAE8C3AB2A4308A10081C9E3 /* Weather-iOS.app */;
			productType = "com.apple.product-type.application";
		};
/* End PBXNativeTarget section */

/* Begin PBXProject section */
		FAE8C3A32A4308A10081C9E3 /* Project object */ = {
			isa = PBXProject;
			attributes = {
				BuildIndependentTargetsInParallel = 1;
				LastSwiftUpdateCheck = 1420;
				LastUpgradeCheck = 1420;
				TargetAttributes = {
					FAE8C3AA2A4308A10081C9E3 = {
						CreatedOnToolsVersion = 14.2;
					};
				};
			};
			buildConfigurationList = FAE8C3A62A4308A10081C9E3 /* Build configuration list for PBXProject "Weather-iOS" */;
			compatibilityVersion = "Xcode 14.0";
			developmentRegion = en;
			hasScannedForEncodings = 0;
			knownRegions = (
				en,
				Base,
			);
			mainGroup = FAE8C3A22A4308A10081C9E3;
			productRefGroup = FAE8C3AC2A4308A10081C9E3 /* Products */;
			projectDirPath = "";
			projectRoot = "";
			targets = (
				FAE8C3AA2A4308A10081C9E3 /* Weather-iOS */,
			);
		};
/* End PBXProject section */

/* Begin PBXResourcesBuildPhase section */
		FAE8C3A92A4308A10081C9E3 /* Resources */ = {
			isa = PBXResourcesBuildPhase;
			buildActionMask = 2147483647;
			files = (
				FAE8C3BB2A4308A30081C9E3 /* LaunchScreen.storyboard in Resources */,
				FAE8C3B82A4308A30081C9E3 /* Assets.xcassets in Resources */,
				FA71A42F2A4396720052E46A /* CityTableViewCell.xib in Resources */,
				FA7C7CC42A459CF8007F3014 /* CityDetailCollectionViewCell.xib in Resources */,
				FAE8C3B62A4308A10081C9E3 /* Main.storyboard in Resources */,
			);
			runOnlyForDeploymentPostprocessing = 0;
		};
/* End PBXResourcesBuildPhase section */

/* Begin PBXSourcesBuildPhase section */
		FAE8C3A72A4308A10081C9E3 /* Sources */ = {
			isa = PBXSourcesBuildPhase;
			buildActionMask = 2147483647;
			files = (
				FAE8C3DA2A435E760081C9E3 /* CityDetailsViewModel.swift in Sources */,
				FA71A42B2A438B600052E46A /* AddCityCoordinator.swift in Sources */,
				FAE8C3DC2A435E970081C9E3 /* AddCityViewController.swift in Sources */,
				FAE8C3E32A4364420081C9E3 /* AppCoordinator.swift in Sources */,
				FA7C7CC02A44F348007F3014 /* CityInformationViewModel.swift in Sources */,
				FAE8C3B32A4308A10081C9E3 /* ViewController.swift in Sources */,
				FA7C7CC32A459CF8007F3014 /* CityDetailCollectionViewCell.swift in Sources */,
				FAE8C3AF2A4308A10081C9E3 /* AppDelegate.swift in Sources */,
				FAE8C3D82A435E5E0081C9E3 /* CityDetailsViewController.swift in Sources */,
				FAE8C3E52A4364730081C9E3 /* Coordinator.swift in Sources */,
				FA71A42E2A4396720052E46A /* CityTableViewCell.swift in Sources */,
				FAE8C3D22A4347650081C9E3 /* ViewModel.swift in Sources */,
				FAE8C3B12A4308A10081C9E3 /* SceneDelegate.swift in Sources */,
				FA71A4342A448C020052E46A /* CityDetailsCoordinator.swift in Sources */,
				FAE8C3E02A4361FB0081C9E3 /* MainCoordinator.swift in Sources */,
				FA71A4322A4462360052E46A /* DoubleExtension.swift in Sources */,
				FAE8C3DE2A435EB50081C9E3 /* AddCityViewModel.swift in Sources */,
			);
			runOnlyForDeploymentPostprocessing = 0;
		};
/* End PBXSourcesBuildPhase section */

/* Begin PBXVariantGroup section */
		FAE8C3B42A4308A10081C9E3 /* Main.storyboard */ = {
			isa = PBXVariantGroup;
			children = (
				FAE8C3B52A4308A10081C9E3 /* Base */,
			);
			name = Main.storyboard;
			sourceTree = "<group>";
		};
		FAE8C3B92A4308A30081C9E3 /* LaunchScreen.storyboard */ = {
			isa = PBXVariantGroup;
			children = (
				FAE8C3BA2A4308A30081C9E3 /* Base */,
			);
			name = LaunchScreen.storyboard;
			sourceTree = "<group>";
		};
/* End PBXVariantGroup section */

/* Begin XCBuildConfiguration section */
		FAE8C3BD2A4308A30081C9E3 /* Debug */ = {
			isa = XCBuildConfiguration;
			buildSettings = {
				ALWAYS_SEARCH_USER_PATHS = NO;
				CLANG_ANALYZER_NONNULL = YES;
				CLANG_ANALYZER_NUMBER_OBJECT_CONVERSION = YES_AGGRESSIVE;
				CLANG_CXX_LANGUAGE_STANDARD = "gnu++20";
				CLANG_ENABLE_MODULES = YES;
				CLANG_ENABLE_OBJC_ARC = YES;
				CLANG_ENABLE_OBJC_WEAK = YES;
				CLANG_WARN_BLOCK_CAPTURE_AUTORELEASING = YES;
				CLANG_WARN_BOOL_CONVERSION = YES;
				CLANG_WARN_COMMA = YES;
				CLANG_WARN_CONSTANT_CONVERSION = YES;
				CLANG_WARN_DEPRECATED_OBJC_IMPLEMENTATIONS = YES;
				CLANG_WARN_DIRECT_OBJC_ISA_USAGE = YES_ERROR;
				CLANG_WARN_DOCUMENTATION_COMMENTS = YES;
				CLANG_WARN_EMPTY_BODY = YES;
				CLANG_WARN_ENUM_CONVERSION = YES;
				CLANG_WARN_INFINITE_RECURSION = YES;
				CLANG_WARN_INT_CONVERSION = YES;
				CLANG_WARN_NON_LITERAL_NULL_CONVERSION = YES;
				CLANG_WARN_OBJC_IMPLICIT_RETAIN_SELF = YES;
				CLANG_WARN_OBJC_LITERAL_CONVERSION = YES;
				CLANG_WARN_OBJC_ROOT_CLASS = YES_ERROR;
				CLANG_WARN_QUOTED_INCLUDE_IN_FRAMEWORK_HEADER = YES;
				CLANG_WARN_RANGE_LOOP_ANALYSIS = YES;
				CLANG_WARN_STRICT_PROTOTYPES = YES;
				CLANG_WARN_SUSPICIOUS_MOVE = YES;
				CLANG_WARN_UNGUARDED_AVAILABILITY = YES_AGGRESSIVE;
				CLANG_WARN_UNREACHABLE_CODE = YES;
				CLANG_WARN__DUPLICATE_METHOD_MATCH = YES;
				COPY_PHASE_STRIP = NO;
				DEBUG_INFORMATION_FORMAT = dwarf;
				ENABLE_STRICT_OBJC_MSGSEND = YES;
				ENABLE_TESTABILITY = YES;
				GCC_C_LANGUAGE_STANDARD = gnu11;
				GCC_DYNAMIC_NO_PIC = NO;
				GCC_NO_COMMON_BLOCKS = YES;
				GCC_OPTIMIZATION_LEVEL = 0;
				GCC_PREPROCESSOR_DEFINITIONS = (
					"DEBUG=1",
					"$(inherited)",
				);
				GCC_WARN_64_TO_32_BIT_CONVERSION = YES;
				GCC_WARN_ABOUT_RETURN_TYPE = YES_ERROR;
				GCC_WARN_UNDECLARED_SELECTOR = YES;
				GCC_WARN_UNINITIALIZED_AUTOS = YES_AGGRESSIVE;
				GCC_WARN_UNUSED_FUNCTION = YES;
				GCC_WARN_UNUSED_VARIABLE = YES;
				IPHONEOS_DEPLOYMENT_TARGET = 16.2;
				MTL_ENABLE_DEBUG_INFO = INCLUDE_SOURCE;
				MTL_FAST_MATH = YES;
				ONLY_ACTIVE_ARCH = YES;
				SDKROOT = iphoneos;
				SWIFT_ACTIVE_COMPILATION_CONDITIONS = DEBUG;
				SWIFT_OPTIMIZATION_LEVEL = "-Onone";
			};
			name = Debug;
		};
		FAE8C3BE2A4308A30081C9E3 /* Release */ = {
			isa = XCBuildConfiguration;
			buildSettings = {
				ALWAYS_SEARCH_USER_PATHS = NO;
				CLANG_ANALYZER_NONNULL = YES;
				CLANG_ANALYZER_NUMBER_OBJECT_CONVERSION = YES_AGGRESSIVE;
				CLANG_CXX_LANGUAGE_STANDARD = "gnu++20";
				CLANG_ENABLE_MODULES = YES;
				CLANG_ENABLE_OBJC_ARC = YES;
				CLANG_ENABLE_OBJC_WEAK = YES;
				CLANG_WARN_BLOCK_CAPTURE_AUTORELEASING = YES;
				CLANG_WARN_BOOL_CONVERSION = YES;
				CLANG_WARN_COMMA = YES;
				CLANG_WARN_CONSTANT_CONVERSION = YES;
				CLANG_WARN_DEPRECATED_OBJC_IMPLEMENTATIONS = YES;
				CLANG_WARN_DIRECT_OBJC_ISA_USAGE = YES_ERROR;
				CLANG_WARN_DOCUMENTATION_COMMENTS = YES;
				CLANG_WARN_EMPTY_BODY = YES;
				CLANG_WARN_ENUM_CONVERSION = YES;
				CLANG_WARN_INFINITE_RECURSION = YES;
				CLANG_WARN_INT_CONVERSION = YES;
				CLANG_WARN_NON_LITERAL_NULL_CONVERSION = YES;
				CLANG_WARN_OBJC_IMPLICIT_RETAIN_SELF = YES;
				CLANG_WARN_OBJC_LITERAL_CONVERSION = YES;
				CLANG_WARN_OBJC_ROOT_CLASS = YES_ERROR;
				CLANG_WARN_QUOTED_INCLUDE_IN_FRAMEWORK_HEADER = YES;
				CLANG_WARN_RANGE_LOOP_ANALYSIS = YES;
				CLANG_WARN_STRICT_PROTOTYPES = YES;
				CLANG_WARN_SUSPICIOUS_MOVE = YES;
				CLANG_WARN_UNGUARDED_AVAILABILITY = YES_AGGRESSIVE;
				CLANG_WARN_UNREACHABLE_CODE = YES;
				CLANG_WARN__DUPLICATE_METHOD_MATCH = YES;
				COPY_PHASE_STRIP = NO;
				DEBUG_INFORMATION_FORMAT = "dwarf-with-dsym";
				ENABLE_NS_ASSERTIONS = NO;
				ENABLE_STRICT_OBJC_MSGSEND = YES;
				GCC_C_LANGUAGE_STANDARD = gnu11;
				GCC_NO_COMMON_BLOCKS = YES;
				GCC_WARN_64_TO_32_BIT_CONVERSION = YES;
				GCC_WARN_ABOUT_RETURN_TYPE = YES_ERROR;
				GCC_WARN_UNDECLARED_SELECTOR = YES;
				GCC_WARN_UNINITIALIZED_AUTOS = YES_AGGRESSIVE;
				GCC_WARN_UNUSED_FUNCTION = YES;
				GCC_WARN_UNUSED_VARIABLE = YES;
				IPHONEOS_DEPLOYMENT_TARGET = 16.2;
				MTL_ENABLE_DEBUG_INFO = NO;
				MTL_FAST_MATH = YES;
				SDKROOT = iphoneos;
				SWIFT_COMPILATION_MODE = wholemodule;
				SWIFT_OPTIMIZATION_LEVEL = "-O";
				VALIDATE_PRODUCT = YES;
			};
			name = Release;
		};
		FAE8C3C02A4308A30081C9E3 /* Debug */ = {
			isa = XCBuildConfiguration;
			buildSettings = {
				ASSETCATALOG_COMPILER_APPICON_NAME = AppIcon;
				ASSETCATALOG_COMPILER_GLOBAL_ACCENT_COLOR_NAME = AccentColor;
				CODE_SIGN_STYLE = Automatic;
				CURRENT_PROJECT_VERSION = 1;
				DEVELOPMENT_TEAM = F6WP7NV7A9;
				GENERATE_INFOPLIST_FILE = YES;
				INFOPLIST_FILE = "Weather-iOS/Info.plist";
				INFOPLIST_KEY_UIApplicationSupportsIndirectInputEvents = YES;
				INFOPLIST_KEY_UILaunchStoryboardName = LaunchScreen;
				INFOPLIST_KEY_UIMainStoryboardFile = Main;
				INFOPLIST_KEY_UISupportedInterfaceOrientations_iPad = "UIInterfaceOrientationPortrait UIInterfaceOrientationPortraitUpsideDown UIInterfaceOrientationLandscapeLeft UIInterfaceOrientationLandscapeRight";
				INFOPLIST_KEY_UISupportedInterfaceOrientations_iPhone = "UIInterfaceOrientationPortrait UIInterfaceOrientationLandscapeLeft UIInterfaceOrientationLandscapeRight";
				LD_RUNPATH_SEARCH_PATHS = (
					"$(inherited)",
					"@executable_path/Frameworks",
				);
				MARKETING_VERSION = 1.0;
				PRODUCT_BUNDLE_IDENTIFIER = "com.oumayma.Weather-iOS";
				PRODUCT_NAME = "$(TARGET_NAME)";
				SWIFT_EMIT_LOC_STRINGS = YES;
				SWIFT_VERSION = 5.0;
				TARGETED_DEVICE_FAMILY = "1,2";
			};
			name = Debug;
		};
		FAE8C3C12A4308A30081C9E3 /* Release */ = {
			isa = XCBuildConfiguration;
			buildSettings = {
				ASSETCATALOG_COMPILER_APPICON_NAME = AppIcon;
				ASSETCATALOG_COMPILER_GLOBAL_ACCENT_COLOR_NAME = AccentColor;
				CODE_SIGN_STYLE = Automatic;
				CURRENT_PROJECT_VERSION = 1;
				DEVELOPMENT_TEAM = F6WP7NV7A9;
				GENERATE_INFOPLIST_FILE = YES;
				INFOPLIST_FILE = "Weather-iOS/Info.plist";
				INFOPLIST_KEY_UIApplicationSupportsIndirectInputEvents = YES;
				INFOPLIST_KEY_UILaunchStoryboardName = LaunchScreen;
				INFOPLIST_KEY_UIMainStoryboardFile = Main;
				INFOPLIST_KEY_UISupportedInterfaceOrientations_iPad = "UIInterfaceOrientationPortrait UIInterfaceOrientationPortraitUpsideDown UIInterfaceOrientationLandscapeLeft UIInterfaceOrientationLandscapeRight";
				INFOPLIST_KEY_UISupportedInterfaceOrientations_iPhone = "UIInterfaceOrientationPortrait UIInterfaceOrientationLandscapeLeft UIInterfaceOrientationLandscapeRight";
				LD_RUNPATH_SEARCH_PATHS = (
					"$(inherited)",
					"@executable_path/Frameworks",
				);
				MARKETING_VERSION = 1.0;
				PRODUCT_BUNDLE_IDENTIFIER = "com.oumayma.Weather-iOS";
				PRODUCT_NAME = "$(TARGET_NAME)";
				SWIFT_EMIT_LOC_STRINGS = YES;
				SWIFT_VERSION = 5.0;
				TARGETED_DEVICE_FAMILY = "1,2";
			};
			name = Release;
		};
/* End XCBuildConfiguration section */

/* Begin XCConfigurationList section */
		FAE8C3A62A4308A10081C9E3 /* Build configuration list for PBXProject "Weather-iOS" */ = {
			isa = XCConfigurationList;
			buildConfigurations = (
				FAE8C3BD2A4308A30081C9E3 /* Debug */,
				FAE8C3BE2A4308A30081C9E3 /* Release */,
			);
			defaultConfigurationIsVisible = 0;
			defaultConfigurationName = Release;
		};
		FAE8C3BF2A4308A30081C9E3 /* Build configuration list for PBXNativeTarget "Weather-iOS" */ = {
			isa = XCConfigurationList;
			buildConfigurations = (
				FAE8C3C02A4308A30081C9E3 /* Debug */,
				FAE8C3C12A4308A30081C9E3 /* Release */,
			);
			defaultConfigurationIsVisible = 0;
			defaultConfigurationName = Release;
		};
/* End XCConfigurationList section */
	};
	rootObject = FAE8C3A32A4308A10081C9E3 /* Project object */;
}
