// !$*UTF8*$!
{
	archiveVersion = 1;
	classes = {
	};
	objectVersion = 56;
	objects = {

/* Begin PBXBuildFile section */
		FA195A2A2A45E03C002D5B75 /* LocationManager.swift in Sources */ = {isa = PBXBuildFile; fileRef = FA195A292A45E03C002D5B75 /* LocationManager.swift */; };
		FAE8C39B2A4308540081C9E3 /* Weather_Kit.docc in Sources */ = {isa = PBXBuildFile; fileRef = FAE8C39A2A4308540081C9E3 /* Weather_Kit.docc */; };
		FAE8C39C2A4308540081C9E3 /* Weather_Kit.h in Headers */ = {isa = PBXBuildFile; fileRef = FAE8C3992A4308540081C9E3 /* Weather_Kit.h */; settings = {ATTRIBUTES = (Public, ); }; };
		FAE8C3C82A430D5E0081C9E3 /* Weather.swift in Sources */ = {isa = PBXBuildFile; fileRef = FAE8C3C72A430D5E0081C9E3 /* Weather.swift */; };
		FAE8C3CB2A4318590081C9E3 /* ApiManager.swift in Sources */ = {isa = PBXBuildFile; fileRef = FAE8C3CA2A4318590081C9E3 /* ApiManager.swift */; };
		FAE8C3CD2A4319650081C9E3 /* JsonDecodeExtension.swift in Sources */ = {isa = PBXBuildFile; fileRef = FAE8C3CC2A4319650081C9E3 /* JsonDecodeExtension.swift */; };
		FAE8C3D02A432DFC0081C9E3 /* Models.swift in Sources */ = {isa = PBXBuildFile; fileRef = FAE8C3CF2A432DFC0081C9E3 /* Models.swift */; };
/* End PBXBuildFile section */

/* Begin PBXFileReference section */
		FA195A292A45E03C002D5B75 /* LocationManager.swift */ = {isa = PBXFileReference; lastKnownFileType = sourcecode.swift; path = LocationManager.swift; sourceTree = "<group>"; };
		FAE8C3962A4308540081C9E3 /* Weather_Kit.framework */ = {isa = PBXFileReference; explicitFileType = wrapper.framework; includeInIndex = 0; path = Weather_Kit.framework; sourceTree = BUILT_PRODUCTS_DIR; };
		FAE8C3992A4308540081C9E3 /* Weather_Kit.h */ = {isa = PBXFileReference; lastKnownFileType = sourcecode.c.h; path = Weather_Kit.h; sourceTree = "<group>"; };
		FAE8C39A2A4308540081C9E3 /* Weather_Kit.docc */ = {isa = PBXFileReference; lastKnownFileType = folder.documentationcatalog; path = Weather_Kit.docc; sourceTree = "<group>"; };
		FAE8C3C72A430D5E0081C9E3 /* Weather.swift */ = {isa = PBXFileReference; lastKnownFileType = sourcecode.swift; path = Weather.swift; sourceTree = "<group>"; };
		FAE8C3CA2A4318590081C9E3 /* ApiManager.swift */ = {isa = PBXFileReference; lastKnownFileType = sourcecode.swift; path = ApiManager.swift; sourceTree = "<group>"; };
		FAE8C3CC2A4319650081C9E3 /* JsonDecodeExtension.swift */ = {isa = PBXFileReference; lastKnownFileType = sourcecode.swift; path = JsonDecodeExtension.swift; sourceTree = "<group>"; };
		FAE8C3CF2A432DFC0081C9E3 /* Models.swift */ = {isa = PBXFileReference; lastKnownFileType = sourcecode.swift; path = Models.swift; sourceTree = "<group>"; };
/* End PBXFileReference section */

/* Begin PBXFrameworksBuildPhase section */
		FAE8C3932A4308540081C9E3 /* Frameworks */ = {
			isa = PBXFrameworksBuildPhase;
			buildActionMask = 2147483647;
			files = (
			);
			runOnlyForDeploymentPostprocessing = 0;
		};
/* End PBXFrameworksBuildPhase section */

/* Begin PBXGroup section */
		FA195A282A45E026002D5B75 /* Managers */ = {
			isa = PBXGroup;
			children = (
				FA195A292A45E03C002D5B75 /* LocationManager.swift */,
			);
			path = Managers;
			sourceTree = "<group>";
		};
		FAE8C38C2A4308540081C9E3 = {
			isa = PBXGroup;
			children = (
				FAE8C3982A4308540081C9E3 /* Weather-Kit */,
				FAE8C3972A4308540081C9E3 /* Products */,
			);
			sourceTree = "<group>";
		};
		FAE8C3972A4308540081C9E3 /* Products */ = {
			isa = PBXGroup;
			children = (
				FAE8C3962A4308540081C9E3 /* Weather_Kit.framework */,
			);
			name = Products;
			sourceTree = "<group>";
		};
		FAE8C3982A4308540081C9E3 /* Weather-Kit */ = {
			isa = PBXGroup;
			children = (
				FAE8C3C72A430D5E0081C9E3 /* Weather.swift */,
				FAE8C3C92A43183D0081C9E3 /* Services */,
				FAE8C3CE2A4326390081C9E3 /* Models */,
				FA195A282A45E026002D5B75 /* Managers */,
				FAE8C3992A4308540081C9E3 /* Weather_Kit.h */,
				FAE8C39A2A4308540081C9E3 /* Weather_Kit.docc */,
			);
			path = "Weather-Kit";
			sourceTree = "<group>";
		};
		FAE8C3C92A43183D0081C9E3 /* Services */ = {
			isa = PBXGroup;
			children = (
				FAE8C3CA2A4318590081C9E3 /* ApiManager.swift */,
				FAE8C3CC2A4319650081C9E3 /* JsonDecodeExtension.swift */,
			);
			path = Services;
			sourceTree = "<group>";
		};
		FAE8C3CE2A4326390081C9E3 /* Models */ = {
			isa = PBXGroup;
			children = (
				FAE8C3CF2A432DFC0081C9E3 /* Models.swift */,
			);
			path = Models;
			sourceTree = "<group>";
		};
/* End PBXGroup section */

/* Begin PBXHeadersBuildPhase section */
		FAE8C3912A4308540081C9E3 /* Headers */ = {
			isa = PBXHeadersBuildPhase;
			buildActionMask = 2147483647;
			files = (
				FAE8C39C2A4308540081C9E3 /* Weather_Kit.h in Headers */,
			);
			runOnlyForDeploymentPostprocessing = 0;
		};
/* End PBXHeadersBuildPhase section */

/* Begin PBXNativeTarget section */
		FAE8C3952A4308540081C9E3 /* Weather-Kit */ = {
			isa = PBXNativeTarget;
			buildConfigurationList = FAE8C39F2A4308540081C9E3 /* Build configuration list for PBXNativeTarget "Weather-Kit" */;
			buildPhases = (
				FAE8C3912A4308540081C9E3 /* Headers */,
				FAE8C3922A4308540081C9E3 /* Sources */,
				FAE8C3932A4308540081C9E3 /* Frameworks */,
				FAE8C3942A4308540081C9E3 /* Resources */,
			);
			buildRules = (
			);
			dependencies = (
			);
			name = "Weather-Kit";
			productName = "Weather-Kit";
			productReference = FAE8C3962A4308540081C9E3 /* Weather_Kit.framework */;
			productType = "com.apple.product-type.framework";
		};
/* End PBXNativeTarget section */

/* Begin PBXProject section */
		FAE8C38D2A4308540081C9E3 /* Project object */ = {
			isa = PBXProject;
			attributes = {
				BuildIndependentTargetsInParallel = 1;
				LastUpgradeCheck = 1420;
				TargetAttributes = {
					FAE8C3952A4308540081C9E3 = {
						CreatedOnToolsVersion = 14.2;
					};
				};
			};
			buildConfigurationList = FAE8C3902A4308540081C9E3 /* Build configuration list for PBXProject "Weather-Kit" */;
			compatibilityVersion = "Xcode 14.0";
			developmentRegion = en;
			hasScannedForEncodings = 0;
			knownRegions = (
				en,
				Base,
			);
			mainGroup = FAE8C38C2A4308540081C9E3;
			productRefGroup = FAE8C3972A4308540081C9E3 /* Products */;
			projectDirPath = "";
			projectRoot = "";
			targets = (
				FAE8C3952A4308540081C9E3 /* Weather-Kit */,
			);
		};
/* End PBXProject section */

/* Begin PBXResourcesBuildPhase section */
		FAE8C3942A4308540081C9E3 /* Resources */ = {
			isa = PBXResourcesBuildPhase;
			buildActionMask = 2147483647;
			files = (
			);
			runOnlyForDeploymentPostprocessing = 0;
		};
/* End PBXResourcesBuildPhase section */

/* Begin PBXSourcesBuildPhase section */
		FAE8C3922A4308540081C9E3 /* Sources */ = {
			isa = PBXSourcesBuildPhase;
			buildActionMask = 2147483647;
			files = (
				FAE8C3C82A430D5E0081C9E3 /* Weather.swift in Sources */,
				FAE8C3CB2A4318590081C9E3 /* ApiManager.swift in Sources */,
				FA195A2A2A45E03C002D5B75 /* LocationManager.swift in Sources */,
				FAE8C39B2A4308540081C9E3 /* Weather_Kit.docc in Sources */,
				FAE8C3CD2A4319650081C9E3 /* JsonDecodeExtension.swift in Sources */,
				FAE8C3D02A432DFC0081C9E3 /* Models.swift in Sources */,
			);
			runOnlyForDeploymentPostprocessing = 0;
		};
/* End PBXSourcesBuildPhase section */

/* Begin XCBuildConfiguration section */
		FAE8C39D2A4308540081C9E3 /* Debug */ = {
			isa = XCBuildConfiguration;
			buildSettings = {
				ALWAYS_SEARCH_USER_PATHS = NO;
				CLANG_ANALYZER_NONNULL = YES;
				CLANG_ANALYZER_NUMBER_OBJECT_CONVERSION = YES_AGGRESSIVE;
				CLANG_CXX_LANGUAGE_STANDARD = "gnu++20";
				CLANG_ENABLE_MODULES = YES;
				CLANG_ENABLE_OBJC_ARC = YES;
				CLANG_ENABLE_OBJC_WEAK = YES;
				CLANG_WARN_BLOCK_CAPTURE_AUTORELEASING = YES;
				CLANG_WARN_BOOL_CONVERSION = YES;
				CLANG_WARN_COMMA = YES;
				CLANG_WARN_CONSTANT_CONVERSION = YES;
				CLANG_WARN_DEPRECATED_OBJC_IMPLEMENTATIONS = YES;
				CLANG_WARN_DIRECT_OBJC_ISA_USAGE = YES_ERROR;
				CLANG_WARN_DOCUMENTATION_COMMENTS = YES;
				CLANG_WARN_EMPTY_BODY = YES;
				CLANG_WARN_ENUM_CONVERSION = YES;
				CLANG_WARN_INFINITE_RECURSION = YES;
				CLANG_WARN_INT_CONVERSION = YES;
				CLANG_WARN_NON_LITERAL_NULL_CONVERSION = YES;
				CLANG_WARN_OBJC_IMPLICIT_RETAIN_SELF = YES;
				CLANG_WARN_OBJC_LITERAL_CONVERSION = YES;
				CLANG_WARN_OBJC_ROOT_CLASS = YES_ERROR;
				CLANG_WARN_QUOTED_INCLUDE_IN_FRAMEWORK_HEADER = YES;
				CLANG_WARN_RANGE_LOOP_ANALYSIS = YES;
				CLANG_WARN_STRICT_PROTOTYPES = YES;
				CLANG_WARN_SUSPICIOUS_MOVE = YES;
				CLANG_WARN_UNGUARDED_AVAILABILITY = YES_AGGRESSIVE;
				CLANG_WARN_UNREACHABLE_CODE = YES;
				CLANG_WARN__DUPLICATE_METHOD_MATCH = YES;
				COPY_PHASE_STRIP = NO;
				CURRENT_PROJECT_VERSION = 1;
				DEBUG_INFORMATION_FORMAT = dwarf;
				ENABLE_STRICT_OBJC_MSGSEND = YES;
				ENABLE_TESTABILITY = YES;
				GCC_C_LANGUAGE_STANDARD = gnu11;
				GCC_DYNAMIC_NO_PIC = NO;
				GCC_NO_COMMON_BLOCKS = YES;
				GCC_OPTIMIZATION_LEVEL = 0;
				GCC_PREPROCESSOR_DEFINITIONS = (
					"DEBUG=1",
					"$(inherited)",
				);
				GCC_WARN_64_TO_32_BIT_CONVERSION = YES;
				GCC_WARN_ABOUT_RETURN_TYPE = YES_ERROR;
				GCC_WARN_UNDECLARED_SELECTOR = YES;
				GCC_WARN_UNINITIALIZED_AUTOS = YES_AGGRESSIVE;
				GCC_WARN_UNUSED_FUNCTION = YES;
				GCC_WARN_UNUSED_VARIABLE = YES;
				IPHONEOS_DEPLOYMENT_TARGET = 16.2;
				MTL_ENABLE_DEBUG_INFO = INCLUDE_SOURCE;
				MTL_FAST_MATH = YES;
				ONLY_ACTIVE_ARCH = YES;
				SDKROOT = iphoneos;
				SWIFT_ACTIVE_COMPILATION_CONDITIONS = DEBUG;
				SWIFT_OPTIMIZATION_LEVEL = "-Onone";
				VERSIONING_SYSTEM = "apple-generic";
				VERSION_INFO_PREFIX = "";
			};
			name = Debug;
		};
		FAE8C39E2A4308540081C9E3 /* Release */ = {
			isa = XCBuildConfiguration;
			buildSettings = {
				ALWAYS_SEARCH_USER_PATHS = NO;
				CLANG_ANALYZER_NONNULL = YES;
				CLANG_ANALYZER_NUMBER_OBJECT_CONVERSION = YES_AGGRESSIVE;
				CLANG_CXX_LANGUAGE_STANDARD = "gnu++20";
				CLANG_ENABLE_MODULES = YES;
				CLANG_ENABLE_OBJC_ARC = YES;
				CLANG_ENABLE_OBJC_WEAK = YES;
				CLANG_WARN_BLOCK_CAPTURE_AUTORELEASING = YES;
				CLANG_WARN_BOOL_CONVERSION = YES;
				CLANG_WARN_COMMA = YES;
				CLANG_WARN_CONSTANT_CONVERSION = YES;
				CLANG_WARN_DEPRECATED_OBJC_IMPLEMENTATIONS = YES;
				CLANG_WARN_DIRECT_OBJC_ISA_USAGE = YES_ERROR;
				CLANG_WARN_DOCUMENTATION_COMMENTS = YES;
				CLANG_WARN_EMPTY_BODY = YES;
				CLANG_WARN_ENUM_CONVERSION = YES;
				CLANG_WARN_INFINITE_RECURSION = YES;
				CLANG_WARN_INT_CONVERSION = YES;
				CLANG_WARN_NON_LITERAL_NULL_CONVERSION = YES;
				CLANG_WARN_OBJC_IMPLICIT_RETAIN_SELF = YES;
				CLANG_WARN_OBJC_LITERAL_CONVERSION = YES;
				CLANG_WARN_OBJC_ROOT_CLASS = YES_ERROR;
				CLANG_WARN_QUOTED_INCLUDE_IN_FRAMEWORK_HEADER = YES;
				CLANG_WARN_RANGE_LOOP_ANALYSIS = YES;
				CLANG_WARN_STRICT_PROTOTYPES = YES;
				CLANG_WARN_SUSPICIOUS_MOVE = YES;
				CLANG_WARN_UNGUARDED_AVAILABILITY = YES_AGGRESSIVE;
				CLANG_WARN_UNREACHABLE_CODE = YES;
				CLANG_WARN__DUPLICATE_METHOD_MATCH = YES;
				COPY_PHASE_STRIP = NO;
				CURRENT_PROJECT_VERSION = 1;
				DEBUG_INFORMATION_FORMAT = "dwarf-with-dsym";
				ENABLE_NS_ASSERTIONS = NO;
				ENABLE_STRICT_OBJC_MSGSEND = YES;
				GCC_C_LANGUAGE_STANDARD = gnu11;
				GCC_NO_COMMON_BLOCKS = YES;
				GCC_WARN_64_TO_32_BIT_CONVERSION = YES;
				GCC_WARN_ABOUT_RETURN_TYPE = YES_ERROR;
				GCC_WARN_UNDECLARED_SELECTOR = YES;
				GCC_WARN_UNINITIALIZED_AUTOS = YES_AGGRESSIVE;
				GCC_WARN_UNUSED_FUNCTION = YES;
				GCC_WARN_UNUSED_VARIABLE = YES;
				IPHONEOS_DEPLOYMENT_TARGET = 16.2;
				MTL_ENABLE_DEBUG_INFO = NO;
				MTL_FAST_MATH = YES;
				SDKROOT = iphoneos;
				SWIFT_COMPILATION_MODE = wholemodule;
				SWIFT_OPTIMIZATION_LEVEL = "-O";
				VALIDATE_PRODUCT = YES;
				VERSIONING_SYSTEM = "apple-generic";
				VERSION_INFO_PREFIX = "";
			};
			name = Release;
		};
		FAE8C3A02A4308540081C9E3 /* Debug */ = {
			isa = XCBuildConfiguration;
			buildSettings = {
				CODE_SIGN_STYLE = Automatic;
				CURRENT_PROJECT_VERSION = 1;
				DEFINES_MODULE = YES;
				DEVELOPMENT_TEAM = F6WP7NV7A9;
				DYLIB_COMPATIBILITY_VERSION = 1;
				DYLIB_CURRENT_VERSION = 1;
				DYLIB_INSTALL_NAME_BASE = "@rpath";
				GENERATE_INFOPLIST_FILE = YES;
				INFOPLIST_KEY_NSHumanReadableCopyright = "";
				INSTALL_PATH = "$(LOCAL_LIBRARY_DIR)/Frameworks";
				IPHONEOS_DEPLOYMENT_TARGET = 13.0;
				LD_RUNPATH_SEARCH_PATHS = (
					"$(inherited)",
					"@executable_path/Frameworks",
					"@loader_path/Frameworks",
				);
				MARKETING_VERSION = 1.0;
				PRODUCT_BUNDLE_IDENTIFIER = "com.oumayma.Weather-Kit";
				PRODUCT_NAME = "$(TARGET_NAME:c99extidentifier)";
				SKIP_INSTALL = YES;
				SWIFT_EMIT_LOC_STRINGS = YES;
				SWIFT_VERSION = 5.0;
				TARGETED_DEVICE_FAMILY = "1,2";
			};
			name = Debug;
		};
		FAE8C3A12A4308540081C9E3 /* Release */ = {
			isa = XCBuildConfiguration;
			buildSettings = {
				CODE_SIGN_STYLE = Automatic;
				CURRENT_PROJECT_VERSION = 1;
				DEFINES_MODULE = YES;
				DEVELOPMENT_TEAM = F6WP7NV7A9;
				DYLIB_COMPATIBILITY_VERSION = 1;
				DYLIB_CURRENT_VERSION = 1;
				DYLIB_INSTALL_NAME_BASE = "@rpath";
				GENERATE_INFOPLIST_FILE = YES;
				INFOPLIST_KEY_NSHumanReadableCopyright = "";
				INSTALL_PATH = "$(LOCAL_LIBRARY_DIR)/Frameworks";
				IPHONEOS_DEPLOYMENT_TARGET = 13.0;
				LD_RUNPATH_SEARCH_PATHS = (
					"$(inherited)",
					"@executable_path/Frameworks",
					"@loader_path/Frameworks",
				);
				MARKETING_VERSION = 1.0;
				PRODUCT_BUNDLE_IDENTIFIER = "com.oumayma.Weather-Kit";
				PRODUCT_NAME = "$(TARGET_NAME:c99extidentifier)";
				SKIP_INSTALL = YES;
				SWIFT_EMIT_LOC_STRINGS = YES;
				SWIFT_VERSION = 5.0;
				TARGETED_DEVICE_FAMILY = "1,2";
			};
			name = Release;
		};
/* End XCBuildConfiguration section */

/* Begin XCConfigurationList section */
		FAE8C3902A4308540081C9E3 /* Build configuration list for PBXProject "Weather-Kit" */ = {
			isa = XCConfigurationList;
			buildConfigurations = (
				FAE8C39D2A4308540081C9E3 /* Debug */,
				FAE8C39E2A4308540081C9E3 /* Release */,
			);
			defaultConfigurationIsVisible = 0;
			defaultConfigurationName = Release;
		};
		FAE8C39F2A4308540081C9E3 /* Build configuration list for PBXNativeTarget "Weather-Kit" */ = {
			isa = XCConfigurationList;
			buildConfigurations = (
				FAE8C3A02A4308540081C9E3 /* Debug */,
				FAE8C3A12A4308540081C9E3 /* Release */,
			);
			defaultConfigurationIsVisible = 0;
			defaultConfigurationName = Release;
		};
/* End XCConfigurationList section */
	};
	rootObject = FAE8C38D2A4308540081C9E3 /* Project object */;
}
